{
  "name": "remove-rf",
  "version": "1.0.1",
  "lockfileVersion": 1,
  "requires": true,
  "dependencies": {
    "dup-r": {
      "version": "1.0.0",
      "resolved": "https://registry.npmjs.org/dup-r/-/dup-r-1.0.0.tgz",
      "integrity": "sha512-d1KBZ+wmh7IdBkxgqbAKYKnjfufvw8DXEI0xRdq+RhHzMQgwSC3seFImlSfdtTcrNSP4h3I9OLvRGAHt7MGrhg==",
      "dev": true
    }
  }
}
